#MicroXplorer Configuration settings - do not modify
Dma.MEMTOMEM.0.Direction=DMA_MEMORY_TO_MEMORY
Dma.MEMTOMEM.0.Instance=DMA2_Channel1
Dma.MEMTOMEM.0.MemDataAlignment=DMA_MDATAALIGN_WORD
Dma.MEMTOMEM.0.MemInc=DMA_MINC_ENABLE
Dma.MEMTOMEM.0.Mode=DMA_NORMAL
Dma.MEMTOMEM.0.PeriphDataAlignment=DMA_PDATAALIGN_WORD
Dma.MEMTOMEM.0.PeriphInc=DMA_PINC_ENABLE
Dma.MEMTOMEM.0.Priority=DMA_PRIORITY_HIGH
Dma.MEMTOMEM.0.RequestParameters=Instance,Direction,PeriphInc,MemInc,PeriphDataAlignment,MemDataAlignment,Mode,Priority
Dma.MEMTOMEM.1.Direction=DMA_MEMORY_TO_MEMORY
Dma.MEMTOMEM.1.Instance=DMA1_Channel1
Dma.MEMTOMEM.1.MemDataAlignment=DMA_MDATAALIGN_BYTE
Dma.MEMTOMEM.1.MemInc=DMA_MINC_ENABLE
Dma.MEMTOMEM.1.Mode=DMA_NORMAL
Dma.MEMTOMEM.1.PeriphDataAlignment=DMA_PDATAALIGN_BYTE
Dma.MEMTOMEM.1.PeriphInc=DMA_PINC_ENABLE
Dma.MEMTOMEM.1.Priority=DMA_PRIORITY_HIGH
Dma.MEMTOMEM.1.RequestParameters=Instance,Direction,PeriphInc,MemInc,PeriphDataAlignment,MemDataAlignment,Mode,Priority
Dma.Request0=MEMTOMEM
Dma.Request1=MEMTOMEM
Dma.RequestsNb=2
File.Version=6
KeepUserPlacement=false
Mcu.Family=STM32L1
Mcu.IP0=DMA
Mcu.IP1=NVIC
Mcu.IP2=RCC
Mcu.IP3=SYS
Mcu.IP4=TIM11
Mcu.IP5=USART2
Mcu.IPNb=6
Mcu.Name=STM32L152RETx
Mcu.Package=LQFP64
Mcu.Pin0=PH0-OSC_IN
Mcu.Pin1=PH1-OSC_OUT
Mcu.Pin2=PA2
Mcu.Pin3=PA3
Mcu.Pin4=PA5
Mcu.Pin5=PA13
Mcu.Pin6=PA14
Mcu.Pin7=VP_SYS_VS_Systick
Mcu.Pin8=VP_TIM11_VS_ClockSourceINT
Mcu.PinsNb=9
Mcu.UserConstants=
Mcu.UserName=STM32L152RETx
MxCube.Version=4.21.0
MxDb.Version=DB.4.0.210
NVIC.BusFault_IRQn=true\:0\:0\:false\:false\:true
NVIC.DebugMonitor_IRQn=true\:0\:0\:false\:false\:true
NVIC.HardFault_IRQn=true\:0\:0\:false\:false\:true
NVIC.MemoryManagement_IRQn=true\:0\:0\:false\:false\:true
NVIC.NonMaskableInt_IRQn=true\:0\:0\:false\:false\:true
NVIC.PendSV_IRQn=true\:0\:0\:false\:false\:true
NVIC.PriorityGroup=NVIC_PRIORITYGROUP_4
NVIC.SVC_IRQn=true\:0\:0\:false\:false\:true
NVIC.SysTick_IRQn=true\:0\:0\:false\:false\:true
NVIC.TIM11_IRQn=true\:0\:0\:false\:false\:true
NVIC.UsageFault_IRQn=true\:0\:0\:false\:false\:true
PA13.Mode=Serial_Wire
PA13.Signal=SYS_JTMS-SWDIO
PA14.Mode=Serial_Wire
PA14.Signal=SYS_JTCK-SWCLK
PA2.Mode=Multiprocessor_communication
PA2.Signal=USART2_TX
PA3.Mode=Multiprocessor_communication
PA3.Signal=USART2_RX
PA5.GPIOParameters=GPIO_Speed,PinState,GPIO_PuPd,GPIO_Label
PA5.GPIO_Label=LD2
PA5.GPIO_PuPd=GPIO_PULLDOWN
PA5.GPIO_Speed=GPIO_SPEED_FREQ_VERY_HIGH
PA5.Locked=true
PA5.PinState=GPIO_PIN_RESET
PA5.Signal=GPIO_Output
PCC.Checker=true
PCC.Line=STM32L151/152
PCC.MCU=STM32L152RETx
PCC.PartNumber=STM32L152RETx
PCC.Seq0=0
PCC.Series=STM32L1
PCC.Temperature=25
PCC.Vdd=3.0
PH0-OSC_IN.Mode=HSE-External-Oscillator
PH0-OSC_IN.Signal=RCC_OSC_IN
PH1-OSC_OUT.Mode=HSE-External-Oscillator
PH1-OSC_OUT.Signal=RCC_OSC_OUT
ProjectManager.AskForMigrate=true
ProjectManager.BackupPrevious=false
ProjectManager.CompilerOptimize=2
ProjectManager.ComputerToolchain=false
ProjectManager.CoupleFile=true
ProjectManager.CustomerFirmwarePackage=C\:/Users/pavut wong/STM32Cube/Repository/STM32Cube_FW_L1_V1.7.0
ProjectManager.DefaultFWLocation=true
ProjectManager.DeletePrevious=true
ProjectManager.DeviceId=STM32L152RETx
ProjectManager.FirmwarePackage=STM32Cube FW_L1 V1.7.0
ProjectManager.FreePins=true
ProjectManager.HalAssertFull=true
ProjectManager.HeapSize=0x8000
ProjectManager.KeepUserCode=true
ProjectManager.LastFirmware=true
ProjectManager.LibraryCopy=0
ProjectManager.PreviousToolchain=
ProjectManager.ProjectBuild=false
ProjectManager.ProjectFileName=VTOS_DEMO.ioc
ProjectManager.ProjectName=VTOS_DEMO
ProjectManager.StackSize=0x800
ProjectManager.TargetToolchain=MDK-ARM V5
ProjectManager.ToolChainLocation=
ProjectManager.UnderRoot=false
ProjectManager.functionlistsort=1-MX_GPIO_Init-GPIO-false-HAL,2-MX_DMA_Init-DMA-false-HAL,3-SystemClock_Config-RCC-false-HAL,4-MX_TIM11_Init-TIM11-false-HAL,5-MX_USART2_UART_Init-USART2-false-HAL
RCC.AHBFreq_Value=32000000
RCC.APB1Freq_Value=32000000
RCC.APB1TimFreq_Value=32000000
RCC.APB2Freq_Value=32000000
RCC.APB2TimFreq_Value=32000000
RCC.FCLKCortexFreq_Value=32000000
RCC.FamilyName=M
RCC.HCLKFreq_Value=32000000
RCC.HSE_VALUE=24000000
RCC.HSI_VALUE=16000000
RCC.IPParameters=AHBFreq_Value,APB1Freq_Value,APB1TimFreq_Value,APB2Freq_Value,APB2TimFreq_Value,FCLKCortexFreq_Value,FamilyName,HCLKFreq_Value,HSE_VALUE,HSI_VALUE,LSE_VALUE,LSI_VALUE,MCOPinFreq_Value,MSI_VALUE,PLLCLKFreq_Value,PLLMUL,PWRFreq_Value,RTCFreq_Value,RTCHSEDivFreq_Value,SYSCLKFreq_VALUE,SYSCLKSource,TIMFreq_Value,TimerFreq_Value,USBOutput,VCOInputFreq_Value,VCOOutputFreq_Value
RCC.LSE_VALUE=32768
RCC.LSI_VALUE=37000
RCC.MCOPinFreq_Value=32000000
RCC.MSI_VALUE=2097000
RCC.PLLCLKFreq_Value=32000000
RCC.PLLMUL=RCC_PLL_MUL4
RCC.PWRFreq_Value=32000000
RCC.RTCFreq_Value=37000
RCC.RTCHSEDivFreq_Value=12000000
RCC.SYSCLKFreq_VALUE=32000000
RCC.SYSCLKSource=RCC_SYSCLKSOURCE_PLLCLK
RCC.TIMFreq_Value=32000000
RCC.TimerFreq_Value=32000000
RCC.USBOutput=32000000
RCC.VCOInputFreq_Value=16000000
RCC.VCOOutputFreq_Value=64000000
TIM11.IPParameters=Prescaler,Period
TIM11.Period=19
TIM11.Prescaler=159
USART2.IPParameters=VirtualMode
USART2.VirtualMode=VM_ASYNC
VP_SYS_VS_Systick.Mode=SysTick
VP_SYS_VS_Systick.Signal=SYS_VS_Systick
VP_TIM11_VS_ClockSourceINT.Mode=Internal
VP_TIM11_VS_ClockSourceINT.Signal=TIM11_VS_ClockSourceINT
board=VTOS_DEMO
